# This file is autogenerated, do not edit; changes may be undone by the next 'dep ensure'.


[[projects]]
  branch = "master"
  name = "github.com/glycerine/rbuf"
  packages = ["."]
  revision = "54320fe9f6f340f8fbe3f34306e3c32589d97dc4"

[[projects]]
  branch = "master"
  name = "github.com/golang/glog"
  packages = ["."]
  revision = "23def4e6c14b4da8ac2ed8007337bc5eb5007998"

[solve-meta]
  analyzer-name = "dep"
  analyzer-version = 1
  inputs-digest = "14144485bafff0ba476dd5512aaac646b71f27238392b18fc902e568511b213b"
  solver-name = "gps-cdcl"
  solver-version = 1
